
Microsoft Visual Studio Solution File, Format Version 12.00
# Visual Studio Version 17
VisualStudioVersion = 17.9.34607.119
MinimumVisualStudioVersion = 10.0.40219.1
Project("{FAE04EC0-301F-11D3-BF4B-00C04F79EFBC}") = "WEB_APİ", "WEB_APİ\WEB_APİ.csproj", "{B3BFC596-7E60-42E2-98AE-32DF50436CBD}"
EndProject
Project("{FAE04EC0-301F-11D3-BF4B-00C04F79EFBC}") = "DataAccess", "DataAccess\DataAccess.csproj", "{BFDF2232-6FAD-4BCC-ADE1-1043BE08B386}"
EndProject
Project("{FAE04EC0-301F-11D3-BF4B-00C04F79EFBC}") = "Entities", "Entities\Entities.csproj", "{F725D2A4-A810-4D79-B154-0F176CBDDCB2}"
EndProject
Project("{FAE04EC0-301F-11D3-BF4B-00C04F79EFBC}") = "Business", "Business\Business.csproj", "{2028E007-199B-4E9F-AAED-328DEEABC58B}"
EndProject
Project("{FAE04EC0-301F-11D3-BF4B-00C04F79EFBC}") = "Core", "Core\Core.csproj", "{82390BC0-CBDA-43A4-AA2F-27C88E3C3EC9}"
EndProject
Global
	GlobalSection(SolutionConfigurationPlatforms) = preSolution
		Debug|Any CPU = Debug|Any CPU
		Release|Any CPU = Release|Any CPU
	EndGlobalSection
	GlobalSection(ProjectConfigurationPlatforms) = postSolution
		{B3BFC596-7E60-42E2-98AE-32DF50436CBD}.Debug|Any CPU.ActiveCfg = Debug|Any CPU
		{B3BFC596-7E60-42E2-98AE-32DF50436CBD}.Debug|Any CPU.Build.0 = Debug|Any CPU
		{B3BFC596-7E60-42E2-98AE-32DF50436CBD}.Release|Any CPU.ActiveCfg = Release|Any CPU
		{B3BFC596-7E60-42E2-98AE-32DF50436CBD}.Release|Any CPU.Build.0 = Release|Any CPU
		{BFDF2232-6FAD-4BCC-ADE1-1043BE08B386}.Debug|Any CPU.ActiveCfg = Debug|Any CPU
		{BFDF2232-6FAD-4BCC-ADE1-1043BE08B386}.Debug|Any CPU.Build.0 = Debug|Any CPU
		{BFDF2232-6FAD-4BCC-ADE1-1043BE08B386}.Release|Any CPU.ActiveCfg = Release|Any CPU
		{BFDF2232-6FAD-4BCC-ADE1-1043BE08B386}.Release|Any CPU.Build.0 = Release|Any CPU
		{F725D2A4-A810-4D79-B154-0F176CBDDCB2}.Debug|Any CPU.ActiveCfg = Debug|Any CPU
		{F725D2A4-A810-4D79-B154-0F176CBDDCB2}.Debug|Any CPU.Build.0 = Debug|Any CPU
		{F725D2A4-A810-4D79-B154-0F176CBDDCB2}.Release|Any CPU.ActiveCfg = Release|Any CPU
		{F725D2A4-A810-4D79-B154-0F176CBDDCB2}.Release|Any CPU.Build.0 = Release|Any CPU
		{2028E007-199B-4E9F-AAED-328DEEABC58B}.Debug|Any CPU.ActiveCfg = Debug|Any CPU
		{2028E007-199B-4E9F-AAED-328DEEABC58B}.Debug|Any CPU.Build.0 = Debug|Any CPU
		{2028E007-199B-4E9F-AAED-328DEEABC58B}.Release|Any CPU.ActiveCfg = Release|Any CPU
		{2028E007-199B-4E9F-AAED-328DEEABC58B}.Release|Any CPU.Build.0 = Release|Any CPU
		{82390BC0-CBDA-43A4-AA2F-27C88E3C3EC9}.Debug|Any CPU.ActiveCfg = Debug|Any CPU
		{82390BC0-CBDA-43A4-AA2F-27C88E3C3EC9}.Debug|Any CPU.Build.0 = Debug|Any CPU
		{82390BC0-CBDA-43A4-AA2F-27C88E3C3EC9}.Release|Any CPU.ActiveCfg = Release|Any CPU
		{82390BC0-CBDA-43A4-AA2F-27C88E3C3EC9}.Release|Any CPU.Build.0 = Release|Any CPU
	EndGlobalSection
	GlobalSection(SolutionProperties) = preSolution
		HideSolutionNode = FALSE
	EndGlobalSection
	GlobalSection(ExtensibilityGlobals) = postSolution
		SolutionGuid = {137B9FC4-6631-4C46-90EC-814923D2423B}
	EndGlobalSection
EndGlobal
